
Microsoft Visual Studio Solution File, Format Version 12.00
# Visual Studio Version 16
VisualStudioVersion = 16.0.808.5
MinimumVisualStudioVersion = 10.0.40219.1
Project("{FAE04EC0-301F-11D3-BF4B-00C04F79EFBC}") = "OreillyMapApp", "OreillyMapApp\OreillyMapApp.csproj", "{16207953-DFA7-49E1-8126-1DD8E667D6C7}"
EndProject
Project("{FAE04EC0-301F-11D3-BF4B-00C04F79EFBC}") = "Infrastructures", "Infrastructures\Infrastructures.csproj", "{0AF45A61-DFCC-4901-ACEA-AF1E9ADA183D}"
EndProject
Project("{FAE04EC0-301F-11D3-BF4B-00C04F79EFBC}") = "Domains", "Domains\Domains.csproj", "{A17230BB-D318-41A8-AC9D-DED13310E5D8}"
EndProject
Project("{FAE04EC0-301F-11D3-BF4B-00C04F79EFBC}") = "Infrastructure.Blazor", "Infrastructure.Blazor\Infrastructure.Blazor.csproj", "{FD28001A-8438-458E-9A0D-7DAD58A3C87A}"
EndProject
Global
	GlobalSection(SolutionConfigurationPlatforms) = preSolution
		Debug|Any CPU = Debug|Any CPU
		Release|Any CPU = Release|Any CPU
	EndGlobalSection
	GlobalSection(ProjectConfigurationPlatforms) = postSolution
		{16207953-DFA7-49E1-8126-1DD8E667D6C7}.Debug|Any CPU.ActiveCfg = Debug|Any CPU
		{16207953-DFA7-49E1-8126-1DD8E667D6C7}.Debug|Any CPU.Build.0 = Debug|Any CPU
		{16207953-DFA7-49E1-8126-1DD8E667D6C7}.Release|Any CPU.ActiveCfg = Release|Any CPU
		{16207953-DFA7-49E1-8126-1DD8E667D6C7}.Release|Any CPU.Build.0 = Release|Any CPU
		{0AF45A61-DFCC-4901-ACEA-AF1E9ADA183D}.Debug|Any CPU.ActiveCfg = Debug|Any CPU
		{0AF45A61-DFCC-4901-ACEA-AF1E9ADA183D}.Debug|Any CPU.Build.0 = Debug|Any CPU
		{0AF45A61-DFCC-4901-ACEA-AF1E9ADA183D}.Release|Any CPU.ActiveCfg = Release|Any CPU
		{0AF45A61-DFCC-4901-ACEA-AF1E9ADA183D}.Release|Any CPU.Build.0 = Release|Any CPU
		{A17230BB-D318-41A8-AC9D-DED13310E5D8}.Debug|Any CPU.ActiveCfg = Debug|Any CPU
		{A17230BB-D318-41A8-AC9D-DED13310E5D8}.Debug|Any CPU.Build.0 = Debug|Any CPU
		{A17230BB-D318-41A8-AC9D-DED13310E5D8}.Release|Any CPU.ActiveCfg = Release|Any CPU
		{A17230BB-D318-41A8-AC9D-DED13310E5D8}.Release|Any CPU.Build.0 = Release|Any CPU
		{FD28001A-8438-458E-9A0D-7DAD58A3C87A}.Debug|Any CPU.ActiveCfg = Debug|Any CPU
		{FD28001A-8438-458E-9A0D-7DAD58A3C87A}.Debug|Any CPU.Build.0 = Debug|Any CPU
		{FD28001A-8438-458E-9A0D-7DAD58A3C87A}.Release|Any CPU.ActiveCfg = Release|Any CPU
		{FD28001A-8438-458E-9A0D-7DAD58A3C87A}.Release|Any CPU.Build.0 = Release|Any CPU
	EndGlobalSection
	GlobalSection(SolutionProperties) = preSolution
		HideSolutionNode = FALSE
	EndGlobalSection
	GlobalSection(ExtensibilityGlobals) = postSolution
		SolutionGuid = {A84EF2BC-398D-48AE-95E3-2810D6C97628}
	EndGlobalSection
EndGlobal
